
Microsoft Visual Studio Solution File, Format Version 12.00
# Visual Studio Version 17
VisualStudioVersion = 17.3.32922.545
MinimumVisualStudioVersion = 10.0.40219.1
Project("{8BC9CEB8-8B4A-11D0-8D11-00A0C91BC942}") = "01. Hello SoftUni", "01. Hello SoftUni\01. Hello SoftUni.vcxproj", "{6870596F-3E48-4E5D-B3E1-C8A0A9E4A826}"
EndProject
Project("{8BC9CEB8-8B4A-11D0-8D11-00A0C91BC942}") = "02. Nums 1-10", "02. Nums 1-10\02. Nums 1-10.vcxproj", "{0FBDD95C-4EBB-4783-A3F4-24B7FD65097F}"
EndProject
Project("{8BC9CEB8-8B4A-11D0-8D11-00A0C91BC942}") = "03. Rectangle Area", "03. Rectangle Area\03. Rectangle Area.vcxproj", "{36A6E823-20BC-4F4A-9ABA-3938D3DDBA82}"
EndProject
Project("{8BC9CEB8-8B4A-11D0-8D11-00A0C91BC942}") = "04. Inches to Centimeters", "04. Inches to Centimeters\04. Inches to Centimeters.vcxproj", "{9DF063DC-D663-43FD-ACF0-12B83F3DA50C}"
EndProject
Project("{8BC9CEB8-8B4A-11D0-8D11-00A0C91BC942}") = "05. Greeting by Name", "05. Greeting by Name\05. Greeting by Name.vcxproj", "{3C4E2F24-A8DF-47A5-BCE4-CFB028410382}"
EndProject
Project("{8BC9CEB8-8B4A-11D0-8D11-00A0C91BC942}") = "06. Concatenate Data", "06. Concatenate Data\06. Concatenate Data.vcxproj", "{49269B27-5758-43A7-89D3-4D1E658CBAA6}"
EndProject
Project("{8BC9CEB8-8B4A-11D0-8D11-00A0C91BC942}") = "07. Projects Creation", "07. Projects Creation\07. Projects Creation.vcxproj", "{AD447E73-3826-49CB-86AE-1FBD740B4708}"
EndProject
Project("{8BC9CEB8-8B4A-11D0-8D11-00A0C91BC942}") = "08. Pet Shop", "08. Pet Shop\08. Pet Shop.vcxproj", "{5996F6B8-0256-4F04-96F8-E0EE2DA2E2D2}"
EndProject
Project("{8BC9CEB8-8B4A-11D0-8D11-00A0C91BC942}") = "09. Yard Greening", "09. Yard Greening\09. Yard Greening.vcxproj", "{288B92C2-3109-4727-ABA6-80A2876ADF3B}"
EndProject
Global
	GlobalSection(SolutionConfigurationPlatforms) = preSolution
		Debug|x64 = Debug|x64
		Debug|x86 = Debug|x86
		Release|x64 = Release|x64
		Release|x86 = Release|x86
	EndGlobalSection
	GlobalSection(ProjectConfigurationPlatforms) = postSolution
		{6870596F-3E48-4E5D-B3E1-C8A0A9E4A826}.Debug|x64.ActiveCfg = Debug|x64
		{6870596F-3E48-4E5D-B3E1-C8A0A9E4A826}.Debug|x64.Build.0 = Debug|x64
		{6870596F-3E48-4E5D-B3E1-C8A0A9E4A826}.Debug|x86.ActiveCfg = Debug|Win32
		{6870596F-3E48-4E5D-B3E1-C8A0A9E4A826}.Debug|x86.Build.0 = Debug|Win32
		{6870596F-3E48-4E5D-B3E1-C8A0A9E4A826}.Release|x64.ActiveCfg = Release|x64
		{6870596F-3E48-4E5D-B3E1-C8A0A9E4A826}.Release|x64.Build.0 = Release|x64
		{6870596F-3E48-4E5D-B3E1-C8A0A9E4A826}.Release|x86.ActiveCfg = Release|Win32
		{6870596F-3E48-4E5D-B3E1-C8A0A9E4A826}.Release|x86.Build.0 = Release|Win32
		{0FBDD95C-4EBB-4783-A3F4-24B7FD65097F}.Debug|x64.ActiveCfg = Debug|x64
		{0FBDD95C-4EBB-4783-A3F4-24B7FD65097F}.Debug|x64.Build.0 = Debug|x64
		{0FBDD95C-4EBB-4783-A3F4-24B7FD65097F}.Debug|x86.ActiveCfg = Debug|Win32
		{0FBDD95C-4EBB-4783-A3F4-24B7FD65097F}.Debug|x86.Build.0 = Debug|Win32
		{0FBDD95C-4EBB-4783-A3F4-24B7FD65097F}.Release|x64.ActiveCfg = Release|x64
		{0FBDD95C-4EBB-4783-A3F4-24B7FD65097F}.Release|x64.Build.0 = Release|x64
		{0FBDD95C-4EBB-4783-A3F4-24B7FD65097F}.Release|x86.ActiveCfg = Release|Win32
		{0FBDD95C-4EBB-4783-A3F4-24B7FD65097F}.Release|x86.Build.0 = Release|Win32
		{36A6E823-20BC-4F4A-9ABA-3938D3DDBA82}.Debug|x64.ActiveCfg = Debug|x64
		{36A6E823-20BC-4F4A-9ABA-3938D3DDBA82}.Debug|x64.Build.0 = Debug|x64
		{36A6E823-20BC-4F4A-9ABA-3938D3DDBA82}.Debug|x86.ActiveCfg = Debug|Win32
		{36A6E823-20BC-4F4A-9ABA-3938D3DDBA82}.Debug|x86.Build.0 = Debug|Win32
		{36A6E823-20BC-4F4A-9ABA-3938D3DDBA82}.Release|x64.ActiveCfg = Release|x64
		{36A6E823-20BC-4F4A-9ABA-3938D3DDBA82}.Release|x64.Build.0 = Release|x64
		{36A6E823-20BC-4F4A-9ABA-3938D3DDBA82}.Release|x86.ActiveCfg = Release|Win32
		{36A6E823-20BC-4F4A-9ABA-3938D3DDBA82}.Release|x86.Build.0 = Release|Win32
		{9DF063DC-D663-43FD-ACF0-12B83F3DA50C}.Debug|x64.ActiveCfg = Debug|x64
		{9DF063DC-D663-43FD-ACF0-12B83F3DA50C}.Debug|x64.Build.0 = Debug|x64
		{9DF063DC-D663-43FD-ACF0-12B83F3DA50C}.Debug|x86.ActiveCfg = Debug|Win32
		{9DF063DC-D663-43FD-ACF0-12B83F3DA50C}.Debug|x86.Build.0 = Debug|Win32
		{9DF063DC-D663-43FD-ACF0-12B83F3DA50C}.Release|x64.ActiveCfg = Release|x64
		{9DF063DC-D663-43FD-ACF0-12B83F3DA50C}.Release|x64.Build.0 = Release|x64
		{9DF063DC-D663-43FD-ACF0-12B83F3DA50C}.Release|x86.ActiveCfg = Release|Win32
		{9DF063DC-D663-43FD-ACF0-12B83F3DA50C}.Release|x86.Build.0 = Release|Win32
		{3C4E2F24-A8DF-47A5-BCE4-CFB028410382}.Debug|x64.ActiveCfg = Debug|x64
		{3C4E2F24-A8DF-47A5-BCE4-CFB028410382}.Debug|x64.Build.0 = Debug|x64
		{3C4E2F24-A8DF-47A5-BCE4-CFB028410382}.Debug|x86.ActiveCfg = Debug|Win32
		{3C4E2F24-A8DF-47A5-BCE4-CFB028410382}.Debug|x86.Build.0 = Debug|Win32
		{3C4E2F24-A8DF-47A5-BCE4-CFB028410382}.Release|x64.ActiveCfg = Release|x64
		{3C4E2F24-A8DF-47A5-BCE4-CFB028410382}.Release|x64.Build.0 = Release|x64
		{3C4E2F24-A8DF-47A5-BCE4-CFB028410382}.Release|x86.ActiveCfg = Release|Win32
		{3C4E2F24-A8DF-47A5-BCE4-CFB028410382}.Release|x86.Build.0 = Release|Win32
		{49269B27-5758-43A7-89D3-4D1E658CBAA6}.Debug|x64.ActiveCfg = Debug|x64
		{49269B27-5758-43A7-89D3-4D1E658CBAA6}.Debug|x64.Build.0 = Debug|x64
		{49269B27-5758-43A7-89D3-4D1E658CBAA6}.Debug|x86.ActiveCfg = Debug|Win32
		{49269B27-5758-43A7-89D3-4D1E658CBAA6}.Debug|x86.Build.0 = Debug|Win32
		{49269B27-5758-43A7-89D3-4D1E658CBAA6}.Release|x64.ActiveCfg = Release|x64
		{49269B27-5758-43A7-89D3-4D1E658CBAA6}.Release|x64.Build.0 = Release|x64
		{49269B27-5758-43A7-89D3-4D1E658CBAA6}.Release|x86.ActiveCfg = Release|Win32
		{49269B27-5758-43A7-89D3-4D1E658CBAA6}.Release|x86.Build.0 = Release|Win32
		{AD447E73-3826-49CB-86AE-1FBD740B4708}.Debug|x64.ActiveCfg = Debug|x64
		{AD447E73-3826-49CB-86AE-1FBD740B4708}.Debug|x64.Build.0 = Debug|x64
		{AD447E73-3826-49CB-86AE-1FBD740B4708}.Debug|x86.ActiveCfg = Debug|Win32
		{AD447E73-3826-49CB-86AE-1FBD740B4708}.Debug|x86.Build.0 = Debug|Win32
		{AD447E73-3826-49CB-86AE-1FBD740B4708}.Release|x64.ActiveCfg = Release|x64
		{AD447E73-3826-49CB-86AE-1FBD740B4708}.Release|x64.Build.0 = Release|x64
		{AD447E73-3826-49CB-86AE-1FBD740B4708}.Release|x86.ActiveCfg = Release|Win32
		{AD447E73-3826-49CB-86AE-1FBD740B4708}.Release|x86.Build.0 = Release|Win32
		{5996F6B8-0256-4F04-96F8-E0EE2DA2E2D2}.Debug|x64.ActiveCfg = Debug|x64
		{5996F6B8-0256-4F04-96F8-E0EE2DA2E2D2}.Debug|x64.Build.0 = Debug|x64
		{5996F6B8-0256-4F04-96F8-E0EE2DA2E2D2}.Debug|x86.ActiveCfg = Debug|Win32
		{5996F6B8-0256-4F04-96F8-E0EE2DA2E2D2}.Debug|x86.Build.0 = Debug|Win32
		{5996F6B8-0256-4F04-96F8-E0EE2DA2E2D2}.Release|x64.ActiveCfg = Release|x64
		{5996F6B8-0256-4F04-96F8-E0EE2DA2E2D2}.Release|x64.Build.0 = Release|x64
		{5996F6B8-0256-4F04-96F8-E0EE2DA2E2D2}.Release|x86.ActiveCfg = Release|Win32
		{5996F6B8-0256-4F04-96F8-E0EE2DA2E2D2}.Release|x86.Build.0 = Release|Win32
		{288B92C2-3109-4727-ABA6-80A2876ADF3B}.Debug|x64.ActiveCfg = Debug|x64
		{288B92C2-3109-4727-ABA6-80A2876ADF3B}.Debug|x64.Build.0 = Debug|x64
		{288B92C2-3109-4727-ABA6-80A2876ADF3B}.Debug|x86.ActiveCfg = Debug|Win32
		{288B92C2-3109-4727-ABA6-80A2876ADF3B}.Debug|x86.Build.0 = Debug|Win32
		{288B92C2-3109-4727-ABA6-80A2876ADF3B}.Release|x64.ActiveCfg = Release|x64
		{288B92C2-3109-4727-ABA6-80A2876ADF3B}.Release|x64.Build.0 = Release|x64
		{288B92C2-3109-4727-ABA6-80A2876ADF3B}.Release|x86.ActiveCfg = Release|Win32
		{288B92C2-3109-4727-ABA6-80A2876ADF3B}.Release|x86.Build.0 = Release|Win32
	EndGlobalSection
	GlobalSection(SolutionProperties) = preSolution
		HideSolutionNode = FALSE
	EndGlobalSection
	GlobalSection(ExtensibilityGlobals) = postSolution
		SolutionGuid = {E8AF1994-C95C-4C2A-91F4-0F15ED9E10C2}
	EndGlobalSection
EndGlobal
